
Microsoft Visual Studio Solution File, Format Version 12.00
# Visual Studio Version 16
VisualStudioVersion = 16.0.29613.14
MinimumVisualStudioVersion = 10.0.40219.1
Project("{8BC9CEB8-8B4A-11D0-8D11-00A0C91BC942}") = "Task1", "ModernCpp\ModernCpp.vcxproj", "{70D47057-FA2C-44A9-BA74-076CF67A1E4C}"
EndProject
Project("{8BC9CEB8-8B4A-11D0-8D11-00A0C91BC942}") = "Task2", "Task2\Task2.vcxproj", "{2E562F39-A80F-4B50-B160-6EEED136688F}"
EndProject
Project("{8BC9CEB8-8B4A-11D0-8D11-00A0C91BC942}") = "Task3", "Task3\Task3.vcxproj", "{F2EB395C-0241-4134-B6A4-0DB6A58FB889}"
EndProject
Project("{8BC9CEB8-8B4A-11D0-8D11-00A0C91BC942}") = "Task4", "Task4\Task4.vcxproj", "{C1BDEB30-9497-46DD-93AF-9458866C3F05}"
EndProject
Project("{8BC9CEB8-8B4A-11D0-8D11-00A0C91BC942}") = "Task5", "Task5\Task5.vcxproj", "{C95FE9BE-AD3F-4AED-92E5-7EC2D546CDCB}"
EndProject
Project("{8BC9CEB8-8B4A-11D0-8D11-00A0C91BC942}") = "Task6", "Task6\Task6.vcxproj", "{DFE81A3E-2E89-44B1-99E6-E5697885E11F}"
EndProject
Project("{8BC9CEB8-8B4A-11D0-8D11-00A0C91BC942}") = "Task7", "Task7\Task7.vcxproj", "{E8BE94E5-6BBF-424D-B390-F5C36C324491}"
EndProject
Project("{8BC9CEB8-8B4A-11D0-8D11-00A0C91BC942}") = "Task8", "Task8\Task8.vcxproj", "{61005926-53A0-4EBD-95EC-79AFB2FFB689}"
EndProject
Project("{8BC9CEB8-8B4A-11D0-8D11-00A0C91BC942}") = "Task9", "Task9\Task9.vcxproj", "{911550C4-0D6A-48A1-962C-53345B210173}"
EndProject
Project("{8BC9CEB8-8B4A-11D0-8D11-00A0C91BC942}") = "Task10", "Task10\Task10.vcxproj", "{0A2C6774-3A3F-4442-940D-B6275F799A47}"
EndProject
Global
	GlobalSection(SolutionConfigurationPlatforms) = preSolution
		Debug|x64 = Debug|x64
		Debug|x86 = Debug|x86
		Release|x64 = Release|x64
		Release|x86 = Release|x86
	EndGlobalSection
	GlobalSection(ProjectConfigurationPlatforms) = postSolution
		{70D47057-FA2C-44A9-BA74-076CF67A1E4C}.Debug|x64.ActiveCfg = Debug|x64
		{70D47057-FA2C-44A9-BA74-076CF67A1E4C}.Debug|x64.Build.0 = Debug|x64
		{70D47057-FA2C-44A9-BA74-076CF67A1E4C}.Debug|x86.ActiveCfg = Debug|Win32
		{70D47057-FA2C-44A9-BA74-076CF67A1E4C}.Debug|x86.Build.0 = Debug|Win32
		{70D47057-FA2C-44A9-BA74-076CF67A1E4C}.Release|x64.ActiveCfg = Release|x64
		{70D47057-FA2C-44A9-BA74-076CF67A1E4C}.Release|x64.Build.0 = Release|x64
		{70D47057-FA2C-44A9-BA74-076CF67A1E4C}.Release|x86.ActiveCfg = Release|Win32
		{70D47057-FA2C-44A9-BA74-076CF67A1E4C}.Release|x86.Build.0 = Release|Win32
		{2E562F39-A80F-4B50-B160-6EEED136688F}.Debug|x64.ActiveCfg = Debug|x64
		{2E562F39-A80F-4B50-B160-6EEED136688F}.Debug|x64.Build.0 = Debug|x64
		{2E562F39-A80F-4B50-B160-6EEED136688F}.Debug|x86.ActiveCfg = Debug|Win32
		{2E562F39-A80F-4B50-B160-6EEED136688F}.Debug|x86.Build.0 = Debug|Win32
		{2E562F39-A80F-4B50-B160-6EEED136688F}.Release|x64.ActiveCfg = Release|x64
		{2E562F39-A80F-4B50-B160-6EEED136688F}.Release|x64.Build.0 = Release|x64
		{2E562F39-A80F-4B50-B160-6EEED136688F}.Release|x86.ActiveCfg = Release|Win32
		{2E562F39-A80F-4B50-B160-6EEED136688F}.Release|x86.Build.0 = Release|Win32
		{F2EB395C-0241-4134-B6A4-0DB6A58FB889}.Debug|x64.ActiveCfg = Debug|x64
		{F2EB395C-0241-4134-B6A4-0DB6A58FB889}.Debug|x64.Build.0 = Debug|x64
		{F2EB395C-0241-4134-B6A4-0DB6A58FB889}.Debug|x86.ActiveCfg = Debug|Win32
		{F2EB395C-0241-4134-B6A4-0DB6A58FB889}.Debug|x86.Build.0 = Debug|Win32
		{F2EB395C-0241-4134-B6A4-0DB6A58FB889}.Release|x64.ActiveCfg = Release|x64
		{F2EB395C-0241-4134-B6A4-0DB6A58FB889}.Release|x64.Build.0 = Release|x64
		{F2EB395C-0241-4134-B6A4-0DB6A58FB889}.Release|x86.ActiveCfg = Release|Win32
		{F2EB395C-0241-4134-B6A4-0DB6A58FB889}.Release|x86.Build.0 = Release|Win32
		{C1BDEB30-9497-46DD-93AF-9458866C3F05}.Debug|x64.ActiveCfg = Debug|x64
		{C1BDEB30-9497-46DD-93AF-9458866C3F05}.Debug|x64.Build.0 = Debug|x64
		{C1BDEB30-9497-46DD-93AF-9458866C3F05}.Debug|x86.ActiveCfg = Debug|Win32
		{C1BDEB30-9497-46DD-93AF-9458866C3F05}.Debug|x86.Build.0 = Debug|Win32
		{C1BDEB30-9497-46DD-93AF-9458866C3F05}.Release|x64.ActiveCfg = Release|x64
		{C1BDEB30-9497-46DD-93AF-9458866C3F05}.Release|x64.Build.0 = Release|x64
		{C1BDEB30-9497-46DD-93AF-9458866C3F05}.Release|x86.ActiveCfg = Release|Win32
		{C1BDEB30-9497-46DD-93AF-9458866C3F05}.Release|x86.Build.0 = Release|Win32
		{C95FE9BE-AD3F-4AED-92E5-7EC2D546CDCB}.Debug|x64.ActiveCfg = Debug|x64
		{C95FE9BE-AD3F-4AED-92E5-7EC2D546CDCB}.Debug|x64.Build.0 = Debug|x64
		{C95FE9BE-AD3F-4AED-92E5-7EC2D546CDCB}.Debug|x86.ActiveCfg = Debug|Win32
		{C95FE9BE-AD3F-4AED-92E5-7EC2D546CDCB}.Debug|x86.Build.0 = Debug|Win32
		{C95FE9BE-AD3F-4AED-92E5-7EC2D546CDCB}.Release|x64.ActiveCfg = Release|x64
		{C95FE9BE-AD3F-4AED-92E5-7EC2D546CDCB}.Release|x64.Build.0 = Release|x64
		{C95FE9BE-AD3F-4AED-92E5-7EC2D546CDCB}.Release|x86.ActiveCfg = Release|Win32
		{C95FE9BE-AD3F-4AED-92E5-7EC2D546CDCB}.Release|x86.Build.0 = Release|Win32
		{DFE81A3E-2E89-44B1-99E6-E5697885E11F}.Debug|x64.ActiveCfg = Debug|x64
		{DFE81A3E-2E89-44B1-99E6-E5697885E11F}.Debug|x64.Build.0 = Debug|x64
		{DFE81A3E-2E89-44B1-99E6-E5697885E11F}.Debug|x86.ActiveCfg = Debug|Win32
		{DFE81A3E-2E89-44B1-99E6-E5697885E11F}.Debug|x86.Build.0 = Debug|Win32
		{DFE81A3E-2E89-44B1-99E6-E5697885E11F}.Release|x64.ActiveCfg = Release|x64
		{DFE81A3E-2E89-44B1-99E6-E5697885E11F}.Release|x64.Build.0 = Release|x64
		{DFE81A3E-2E89-44B1-99E6-E5697885E11F}.Release|x86.ActiveCfg = Release|Win32
		{DFE81A3E-2E89-44B1-99E6-E5697885E11F}.Release|x86.Build.0 = Release|Win32
		{E8BE94E5-6BBF-424D-B390-F5C36C324491}.Debug|x64.ActiveCfg = Debug|x64
		{E8BE94E5-6BBF-424D-B390-F5C36C324491}.Debug|x64.Build.0 = Debug|x64
		{E8BE94E5-6BBF-424D-B390-F5C36C324491}.Debug|x86.ActiveCfg = Debug|Win32
		{E8BE94E5-6BBF-424D-B390-F5C36C324491}.Debug|x86.Build.0 = Debug|Win32
		{E8BE94E5-6BBF-424D-B390-F5C36C324491}.Release|x64.ActiveCfg = Release|x64
		{E8BE94E5-6BBF-424D-B390-F5C36C324491}.Release|x64.Build.0 = Release|x64
		{E8BE94E5-6BBF-424D-B390-F5C36C324491}.Release|x86.ActiveCfg = Release|Win32
		{E8BE94E5-6BBF-424D-B390-F5C36C324491}.Release|x86.Build.0 = Release|Win32
		{61005926-53A0-4EBD-95EC-79AFB2FFB689}.Debug|x64.ActiveCfg = Debug|x64
		{61005926-53A0-4EBD-95EC-79AFB2FFB689}.Debug|x64.Build.0 = Debug|x64
		{61005926-53A0-4EBD-95EC-79AFB2FFB689}.Debug|x86.ActiveCfg = Debug|Win32
		{61005926-53A0-4EBD-95EC-79AFB2FFB689}.Debug|x86.Build.0 = Debug|Win32
		{61005926-53A0-4EBD-95EC-79AFB2FFB689}.Release|x64.ActiveCfg = Release|x64
		{61005926-53A0-4EBD-95EC-79AFB2FFB689}.Release|x64.Build.0 = Release|x64
		{61005926-53A0-4EBD-95EC-79AFB2FFB689}.Release|x86.ActiveCfg = Release|Win32
		{61005926-53A0-4EBD-95EC-79AFB2FFB689}.Release|x86.Build.0 = Release|Win32
		{911550C4-0D6A-48A1-962C-53345B210173}.Debug|x64.ActiveCfg = Debug|x64
		{911550C4-0D6A-48A1-962C-53345B210173}.Debug|x64.Build.0 = Debug|x64
		{911550C4-0D6A-48A1-962C-53345B210173}.Debug|x86.ActiveCfg = Debug|Win32
		{911550C4-0D6A-48A1-962C-53345B210173}.Debug|x86.Build.0 = Debug|Win32
		{911550C4-0D6A-48A1-962C-53345B210173}.Release|x64.ActiveCfg = Release|x64
		{911550C4-0D6A-48A1-962C-53345B210173}.Release|x64.Build.0 = Release|x64
		{911550C4-0D6A-48A1-962C-53345B210173}.Release|x86.ActiveCfg = Release|Win32
		{911550C4-0D6A-48A1-962C-53345B210173}.Release|x86.Build.0 = Release|Win32
		{0A2C6774-3A3F-4442-940D-B6275F799A47}.Debug|x64.ActiveCfg = Debug|x64
		{0A2C6774-3A3F-4442-940D-B6275F799A47}.Debug|x64.Build.0 = Debug|x64
		{0A2C6774-3A3F-4442-940D-B6275F799A47}.Debug|x86.ActiveCfg = Debug|Win32
		{0A2C6774-3A3F-4442-940D-B6275F799A47}.Debug|x86.Build.0 = Debug|Win32
		{0A2C6774-3A3F-4442-940D-B6275F799A47}.Release|x64.ActiveCfg = Release|x64
		{0A2C6774-3A3F-4442-940D-B6275F799A47}.Release|x64.Build.0 = Release|x64
		{0A2C6774-3A3F-4442-940D-B6275F799A47}.Release|x86.ActiveCfg = Release|Win32
		{0A2C6774-3A3F-4442-940D-B6275F799A47}.Release|x86.Build.0 = Release|Win32
	EndGlobalSection
	GlobalSection(SolutionProperties) = preSolution
		HideSolutionNode = FALSE
	EndGlobalSection
	GlobalSection(ExtensibilityGlobals) = postSolution
		SolutionGuid = {8E61872A-2A48-477D-868A-9732DAC8FA10}
	EndGlobalSection
EndGlobal
